
Microsoft Visual Studio Solution File, Format Version 12.00
# Visual Studio Version 17
VisualStudioVersion = 17.5.2.0
MinimumVisualStudioVersion = 10.0.40219.1
Project("{2150E333-8FDC-42A3-9474-1A3956D46DE8}") = "projects", "projects", "{17245595-230B-9055-A944-863F0DDDA8E8}"
EndProject
Project("{FAE04EC0-301F-11D3-BF4B-00C04F79EFBC}") = "A6-student-grade-manager", "projects\A6-student-grade-manager\A6-student-grade-manager.csproj", "{C611D7D5-DAEF-462C-9A19-D51EA29C8072}"
EndProject
Project("{FAE04EC0-301F-11D3-BF4B-00C04F79EFBC}") = "B2-todo-list-app", "projects\B2-todo-list-app\B2-todo-list-app.csproj", "{132779FD-0D70-48BB-A192-714BEA140C21}"
EndProject
Project("{FAE04EC0-301F-11D3-BF4B-00C04F79EFBC}") = "B3-inheritance-polymorphism", "projects\B3-inheritance-polymorphism\B3-inheritance-polymorphism.csproj", "{8B8FC016-4B5E-4DB7-A010-FED6B4C2BB01}"
EndProject
Project("{FAE04EC0-301F-11D3-BF4B-00C04F79EFBC}") = "B3-design-patterns", "projects\B3-design-patterns\B3-design-patterns.csproj", "{DA0859C4-90D1-4EBE-9953-8A7FB32146B0}"
EndProject
Project("{FAE04EC0-301F-11D3-BF4B-00C04F79EFBC}") = "B4-async-await", "projects\B4-async-await\B4-async-await.csproj", "{490D4CE3-1304-4A3B-9E16-7BCCE86B5973}"
EndProject
Project("{FAE04EC0-301F-11D3-BF4B-00C04F79EFBC}") = "B5-library-manager", "projects\B5-library-manager\B5-library-manager.csproj", "{ABDC3BD1-97E0-469B-82E3-F1408900D10E}"
EndProject
Project("{FAE04EC0-301F-11D3-BF4B-00C04F79EFBC}") = "C1-json-example", "projects\C1-json-example\C1-json-example.csproj", "{5D75FB33-411C-43D0-9170-EDE0A4D4D04D}"
EndProject
Project("{FAE04EC0-301F-11D3-BF4B-00C04F79EFBC}") = "C2-dependency-injection", "projects\C2-dependency-injection\C2-dependency-injection.csproj", "{693363C3-6686-4585-AEA9-E941BB7858AD}"
EndProject
Project("{FAE04EC0-301F-11D3-BF4B-00C04F79EFBC}") = "C2-exception-handling", "projects\C2-exception-handling\C2-exception-handling.csproj", "{A7249CCD-66E6-4419-B8D7-A208AE1F5D23}"
EndProject
Project("{FAE04EC0-301F-11D3-BF4B-00C04F79EFBC}") = "C2-crud-pattern", "projects\C2-crud-pattern\C2-crud-pattern.csproj", "{236E22EF-3220-498B-A780-BE274EC4F441}"
EndProject
Project("{FAE04EC0-301F-11D3-BF4B-00C04F79EFBC}") = "C2-api-basic", "projects\C2-api-basic\C2-api-basic.csproj", "{289DC11C-7AC9-4BA3-9A70-BFA45D9E5822}"
EndProject
Project("{FAE04EC0-301F-11D3-BF4B-00C04F79EFBC}") = "C2-controller-driven-api", "projects\C2-controller-driven-api\C2-controller-driven-api.csproj", "{37D1C1E4-1D6B-4E47-87F3-11B5F1438B5E}"
EndProject
Project("{FAE04EC0-301F-11D3-BF4B-00C04F79EFBC}") = "C3-serialisation", "projects\C3-serialisation\C3-serialisation.csproj", "{E6971B71-C635-49A7-B874-C7C3181FF678}"
EndProject
Project("{FAE04EC0-301F-11D3-BF4B-00C04F79EFBC}") = "C3-deserialisation", "projects\C3-deserialisation\C3-deserialisation.csproj", "{906A658F-43CC-47EC-86C7-82059C693FCE}"
EndProject
Project("{FAE04EC0-301F-11D3-BF4B-00C04F79EFBC}") = "C3-security", "projects\C3-security\C3-security.csproj", "{519BACB5-126C-4DB1-ABA2-37126B96BADF}"
EndProject
Project("{FAE04EC0-301F-11D3-BF4B-00C04F79EFBC}") = "C4-custom-middleware", "projects\C4-custom-middleware\C4-custom-middleware.csproj", "{B7D72B5F-FA92-4C12-BA05-8F2CA8DFFA55}"
EndProject
Project("{FAE04EC0-301F-11D3-BF4B-00C04F79EFBC}") = "C4-openapi-swagger", "projects\C4-openapi-swagger\C4-openapi-swagger.csproj", "{46E0ABA3-869D-4A4F-B816-F329F1A6AB20}"
EndProject
Project("{FAE04EC0-301F-11D3-BF4B-00C04F79EFBC}") = "C4-client-generation", "projects\C4-client-generation\C4-client-generation.csproj", "{1A374755-A2FD-4FD3-BD94-A62513D6AFB3}"
EndProject
Project("{FAE04EC0-301F-11D3-BF4B-00C04F79EFBC}") = "C4-secure-design", "projects\C4-secure-design\C4-secure-design.csproj", "{E3FD4952-70BF-43C0-BC7D-5553A69D3915}"
EndProject
Global
	GlobalSection(SolutionConfigurationPlatforms) = preSolution
		Debug|Any CPU = Debug|Any CPU
		Debug|x64 = Debug|x64
		Debug|x86 = Debug|x86
		Release|Any CPU = Release|Any CPU
		Release|x64 = Release|x64
		Release|x86 = Release|x86
	EndGlobalSection
	GlobalSection(ProjectConfigurationPlatforms) = postSolution
		{C611D7D5-DAEF-462C-9A19-D51EA29C8072}.Debug|Any CPU.ActiveCfg = Debug|Any CPU
		{C611D7D5-DAEF-462C-9A19-D51EA29C8072}.Debug|Any CPU.Build.0 = Debug|Any CPU
		{C611D7D5-DAEF-462C-9A19-D51EA29C8072}.Debug|x64.ActiveCfg = Debug|Any CPU
		{C611D7D5-DAEF-462C-9A19-D51EA29C8072}.Debug|x64.Build.0 = Debug|Any CPU
		{C611D7D5-DAEF-462C-9A19-D51EA29C8072}.Debug|x86.ActiveCfg = Debug|Any CPU
		{C611D7D5-DAEF-462C-9A19-D51EA29C8072}.Debug|x86.Build.0 = Debug|Any CPU
		{C611D7D5-DAEF-462C-9A19-D51EA29C8072}.Release|Any CPU.ActiveCfg = Release|Any CPU
		{C611D7D5-DAEF-462C-9A19-D51EA29C8072}.Release|Any CPU.Build.0 = Release|Any CPU
		{C611D7D5-DAEF-462C-9A19-D51EA29C8072}.Release|x64.ActiveCfg = Release|Any CPU
		{C611D7D5-DAEF-462C-9A19-D51EA29C8072}.Release|x64.Build.0 = Release|Any CPU
		{C611D7D5-DAEF-462C-9A19-D51EA29C8072}.Release|x86.ActiveCfg = Release|Any CPU
		{C611D7D5-DAEF-462C-9A19-D51EA29C8072}.Release|x86.Build.0 = Release|Any CPU
		{132779FD-0D70-48BB-A192-714BEA140C21}.Debug|Any CPU.ActiveCfg = Debug|Any CPU
		{132779FD-0D70-48BB-A192-714BEA140C21}.Debug|Any CPU.Build.0 = Debug|Any CPU
		{132779FD-0D70-48BB-A192-714BEA140C21}.Debug|x64.ActiveCfg = Debug|Any CPU
		{132779FD-0D70-48BB-A192-714BEA140C21}.Debug|x64.Build.0 = Debug|Any CPU
		{132779FD-0D70-48BB-A192-714BEA140C21}.Debug|x86.ActiveCfg = Debug|Any CPU
		{132779FD-0D70-48BB-A192-714BEA140C21}.Debug|x86.Build.0 = Debug|Any CPU
		{132779FD-0D70-48BB-A192-714BEA140C21}.Release|Any CPU.ActiveCfg = Release|Any CPU
		{132779FD-0D70-48BB-A192-714BEA140C21}.Release|Any CPU.Build.0 = Release|Any CPU
		{132779FD-0D70-48BB-A192-714BEA140C21}.Release|x64.ActiveCfg = Release|Any CPU
		{132779FD-0D70-48BB-A192-714BEA140C21}.Release|x64.Build.0 = Release|Any CPU
		{132779FD-0D70-48BB-A192-714BEA140C21}.Release|x86.ActiveCfg = Release|Any CPU
		{132779FD-0D70-48BB-A192-714BEA140C21}.Release|x86.Build.0 = Release|Any CPU
		{8B8FC016-4B5E-4DB7-A010-FED6B4C2BB01}.Debug|Any CPU.ActiveCfg = Debug|Any CPU
		{8B8FC016-4B5E-4DB7-A010-FED6B4C2BB01}.Debug|Any CPU.Build.0 = Debug|Any CPU
		{8B8FC016-4B5E-4DB7-A010-FED6B4C2BB01}.Debug|x64.ActiveCfg = Debug|Any CPU
		{8B8FC016-4B5E-4DB7-A010-FED6B4C2BB01}.Debug|x64.Build.0 = Debug|Any CPU
		{8B8FC016-4B5E-4DB7-A010-FED6B4C2BB01}.Debug|x86.ActiveCfg = Debug|Any CPU
		{8B8FC016-4B5E-4DB7-A010-FED6B4C2BB01}.Debug|x86.Build.0 = Debug|Any CPU
		{8B8FC016-4B5E-4DB7-A010-FED6B4C2BB01}.Release|Any CPU.ActiveCfg = Release|Any CPU
		{8B8FC016-4B5E-4DB7-A010-FED6B4C2BB01}.Release|Any CPU.Build.0 = Release|Any CPU
		{8B8FC016-4B5E-4DB7-A010-FED6B4C2BB01}.Release|x64.ActiveCfg = Release|Any CPU
		{8B8FC016-4B5E-4DB7-A010-FED6B4C2BB01}.Release|x64.Build.0 = Release|Any CPU
		{8B8FC016-4B5E-4DB7-A010-FED6B4C2BB01}.Release|x86.ActiveCfg = Release|Any CPU
		{8B8FC016-4B5E-4DB7-A010-FED6B4C2BB01}.Release|x86.Build.0 = Release|Any CPU
		{DA0859C4-90D1-4EBE-9953-8A7FB32146B0}.Debug|Any CPU.ActiveCfg = Debug|Any CPU
		{DA0859C4-90D1-4EBE-9953-8A7FB32146B0}.Debug|Any CPU.Build.0 = Debug|Any CPU
		{DA0859C4-90D1-4EBE-9953-8A7FB32146B0}.Debug|x64.ActiveCfg = Debug|Any CPU
		{DA0859C4-90D1-4EBE-9953-8A7FB32146B0}.Debug|x64.Build.0 = Debug|Any CPU
		{DA0859C4-90D1-4EBE-9953-8A7FB32146B0}.Debug|x86.ActiveCfg = Debug|Any CPU
		{DA0859C4-90D1-4EBE-9953-8A7FB32146B0}.Debug|x86.Build.0 = Debug|Any CPU
		{DA0859C4-90D1-4EBE-9953-8A7FB32146B0}.Release|Any CPU.ActiveCfg = Release|Any CPU
		{DA0859C4-90D1-4EBE-9953-8A7FB32146B0}.Release|Any CPU.Build.0 = Release|Any CPU
		{DA0859C4-90D1-4EBE-9953-8A7FB32146B0}.Release|x64.ActiveCfg = Release|Any CPU
		{DA0859C4-90D1-4EBE-9953-8A7FB32146B0}.Release|x64.Build.0 = Release|Any CPU
		{DA0859C4-90D1-4EBE-9953-8A7FB32146B0}.Release|x86.ActiveCfg = Release|Any CPU
		{DA0859C4-90D1-4EBE-9953-8A7FB32146B0}.Release|x86.Build.0 = Release|Any CPU
		{490D4CE3-1304-4A3B-9E16-7BCCE86B5973}.Debug|Any CPU.ActiveCfg = Debug|Any CPU
		{490D4CE3-1304-4A3B-9E16-7BCCE86B5973}.Debug|Any CPU.Build.0 = Debug|Any CPU
		{490D4CE3-1304-4A3B-9E16-7BCCE86B5973}.Debug|x64.ActiveCfg = Debug|Any CPU
		{490D4CE3-1304-4A3B-9E16-7BCCE86B5973}.Debug|x64.Build.0 = Debug|Any CPU
		{490D4CE3-1304-4A3B-9E16-7BCCE86B5973}.Debug|x86.ActiveCfg = Debug|Any CPU
		{490D4CE3-1304-4A3B-9E16-7BCCE86B5973}.Debug|x86.Build.0 = Debug|Any CPU
		{490D4CE3-1304-4A3B-9E16-7BCCE86B5973}.Release|Any CPU.ActiveCfg = Release|Any CPU
		{490D4CE3-1304-4A3B-9E16-7BCCE86B5973}.Release|Any CPU.Build.0 = Release|Any CPU
		{490D4CE3-1304-4A3B-9E16-7BCCE86B5973}.Release|x64.ActiveCfg = Release|Any CPU
		{490D4CE3-1304-4A3B-9E16-7BCCE86B5973}.Release|x64.Build.0 = Release|Any CPU
		{490D4CE3-1304-4A3B-9E16-7BCCE86B5973}.Release|x86.ActiveCfg = Release|Any CPU
		{490D4CE3-1304-4A3B-9E16-7BCCE86B5973}.Release|x86.Build.0 = Release|Any CPU
		{ABDC3BD1-97E0-469B-82E3-F1408900D10E}.Debug|Any CPU.ActiveCfg = Debug|Any CPU
		{ABDC3BD1-97E0-469B-82E3-F1408900D10E}.Debug|Any CPU.Build.0 = Debug|Any CPU
		{ABDC3BD1-97E0-469B-82E3-F1408900D10E}.Debug|x64.ActiveCfg = Debug|Any CPU
		{ABDC3BD1-97E0-469B-82E3-F1408900D10E}.Debug|x64.Build.0 = Debug|Any CPU
		{ABDC3BD1-97E0-469B-82E3-F1408900D10E}.Debug|x86.ActiveCfg = Debug|Any CPU
		{ABDC3BD1-97E0-469B-82E3-F1408900D10E}.Debug|x86.Build.0 = Debug|Any CPU
		{ABDC3BD1-97E0-469B-82E3-F1408900D10E}.Release|Any CPU.ActiveCfg = Release|Any CPU
		{ABDC3BD1-97E0-469B-82E3-F1408900D10E}.Release|Any CPU.Build.0 = Release|Any CPU
		{ABDC3BD1-97E0-469B-82E3-F1408900D10E}.Release|x64.ActiveCfg = Release|Any CPU
		{ABDC3BD1-97E0-469B-82E3-F1408900D10E}.Release|x64.Build.0 = Release|Any CPU
		{ABDC3BD1-97E0-469B-82E3-F1408900D10E}.Release|x86.ActiveCfg = Release|Any CPU
		{ABDC3BD1-97E0-469B-82E3-F1408900D10E}.Release|x86.Build.0 = Release|Any CPU
		{5D75FB33-411C-43D0-9170-EDE0A4D4D04D}.Debug|Any CPU.ActiveCfg = Debug|Any CPU
		{5D75FB33-411C-43D0-9170-EDE0A4D4D04D}.Debug|Any CPU.Build.0 = Debug|Any CPU
		{5D75FB33-411C-43D0-9170-EDE0A4D4D04D}.Debug|x64.ActiveCfg = Debug|Any CPU
		{5D75FB33-411C-43D0-9170-EDE0A4D4D04D}.Debug|x64.Build.0 = Debug|Any CPU
		{5D75FB33-411C-43D0-9170-EDE0A4D4D04D}.Debug|x86.ActiveCfg = Debug|Any CPU
		{5D75FB33-411C-43D0-9170-EDE0A4D4D04D}.Debug|x86.Build.0 = Debug|Any CPU
		{5D75FB33-411C-43D0-9170-EDE0A4D4D04D}.Release|Any CPU.ActiveCfg = Release|Any CPU
		{5D75FB33-411C-43D0-9170-EDE0A4D4D04D}.Release|Any CPU.Build.0 = Release|Any CPU
		{5D75FB33-411C-43D0-9170-EDE0A4D4D04D}.Release|x64.ActiveCfg = Release|Any CPU
		{5D75FB33-411C-43D0-9170-EDE0A4D4D04D}.Release|x64.Build.0 = Release|Any CPU
		{5D75FB33-411C-43D0-9170-EDE0A4D4D04D}.Release|x86.ActiveCfg = Release|Any CPU
		{5D75FB33-411C-43D0-9170-EDE0A4D4D04D}.Release|x86.Build.0 = Release|Any CPU
		{693363C3-6686-4585-AEA9-E941BB7858AD}.Debug|Any CPU.ActiveCfg = Debug|Any CPU
		{693363C3-6686-4585-AEA9-E941BB7858AD}.Debug|Any CPU.Build.0 = Debug|Any CPU
		{693363C3-6686-4585-AEA9-E941BB7858AD}.Debug|x64.ActiveCfg = Debug|Any CPU
		{693363C3-6686-4585-AEA9-E941BB7858AD}.Debug|x64.Build.0 = Debug|Any CPU
		{693363C3-6686-4585-AEA9-E941BB7858AD}.Debug|x86.ActiveCfg = Debug|Any CPU
		{693363C3-6686-4585-AEA9-E941BB7858AD}.Debug|x86.Build.0 = Debug|Any CPU
		{693363C3-6686-4585-AEA9-E941BB7858AD}.Release|Any CPU.ActiveCfg = Release|Any CPU
		{693363C3-6686-4585-AEA9-E941BB7858AD}.Release|Any CPU.Build.0 = Release|Any CPU
		{693363C3-6686-4585-AEA9-E941BB7858AD}.Release|x64.ActiveCfg = Release|Any CPU
		{693363C3-6686-4585-AEA9-E941BB7858AD}.Release|x64.Build.0 = Release|Any CPU
		{693363C3-6686-4585-AEA9-E941BB7858AD}.Release|x86.ActiveCfg = Release|Any CPU
		{693363C3-6686-4585-AEA9-E941BB7858AD}.Release|x86.Build.0 = Release|Any CPU
		{A7249CCD-66E6-4419-B8D7-A208AE1F5D23}.Debug|Any CPU.ActiveCfg = Debug|Any CPU
		{A7249CCD-66E6-4419-B8D7-A208AE1F5D23}.Debug|Any CPU.Build.0 = Debug|Any CPU
		{A7249CCD-66E6-4419-B8D7-A208AE1F5D23}.Debug|x64.ActiveCfg = Debug|Any CPU
		{A7249CCD-66E6-4419-B8D7-A208AE1F5D23}.Debug|x64.Build.0 = Debug|Any CPU
		{A7249CCD-66E6-4419-B8D7-A208AE1F5D23}.Debug|x86.ActiveCfg = Debug|Any CPU
		{A7249CCD-66E6-4419-B8D7-A208AE1F5D23}.Debug|x86.Build.0 = Debug|Any CPU
		{A7249CCD-66E6-4419-B8D7-A208AE1F5D23}.Release|Any CPU.ActiveCfg = Release|Any CPU
		{A7249CCD-66E6-4419-B8D7-A208AE1F5D23}.Release|Any CPU.Build.0 = Release|Any CPU
		{A7249CCD-66E6-4419-B8D7-A208AE1F5D23}.Release|x64.ActiveCfg = Release|Any CPU
		{A7249CCD-66E6-4419-B8D7-A208AE1F5D23}.Release|x64.Build.0 = Release|Any CPU
		{A7249CCD-66E6-4419-B8D7-A208AE1F5D23}.Release|x86.ActiveCfg = Release|Any CPU
		{A7249CCD-66E6-4419-B8D7-A208AE1F5D23}.Release|x86.Build.0 = Release|Any CPU
		{236E22EF-3220-498B-A780-BE274EC4F441}.Debug|Any CPU.ActiveCfg = Debug|Any CPU
		{236E22EF-3220-498B-A780-BE274EC4F441}.Debug|Any CPU.Build.0 = Debug|Any CPU
		{236E22EF-3220-498B-A780-BE274EC4F441}.Debug|x64.ActiveCfg = Debug|Any CPU
		{236E22EF-3220-498B-A780-BE274EC4F441}.Debug|x64.Build.0 = Debug|Any CPU
		{236E22EF-3220-498B-A780-BE274EC4F441}.Debug|x86.ActiveCfg = Debug|Any CPU
		{236E22EF-3220-498B-A780-BE274EC4F441}.Debug|x86.Build.0 = Debug|Any CPU
		{236E22EF-3220-498B-A780-BE274EC4F441}.Release|Any CPU.ActiveCfg = Release|Any CPU
		{236E22EF-3220-498B-A780-BE274EC4F441}.Release|Any CPU.Build.0 = Release|Any CPU
		{236E22EF-3220-498B-A780-BE274EC4F441}.Release|x64.ActiveCfg = Release|Any CPU
		{236E22EF-3220-498B-A780-BE274EC4F441}.Release|x64.Build.0 = Release|Any CPU
		{236E22EF-3220-498B-A780-BE274EC4F441}.Release|x86.ActiveCfg = Release|Any CPU
		{236E22EF-3220-498B-A780-BE274EC4F441}.Release|x86.Build.0 = Release|Any CPU
		{289DC11C-7AC9-4BA3-9A70-BFA45D9E5822}.Debug|Any CPU.ActiveCfg = Debug|Any CPU
		{289DC11C-7AC9-4BA3-9A70-BFA45D9E5822}.Debug|Any CPU.Build.0 = Debug|Any CPU
		{289DC11C-7AC9-4BA3-9A70-BFA45D9E5822}.Debug|x64.ActiveCfg = Debug|Any CPU
		{289DC11C-7AC9-4BA3-9A70-BFA45D9E5822}.Debug|x64.Build.0 = Debug|Any CPU
		{289DC11C-7AC9-4BA3-9A70-BFA45D9E5822}.Debug|x86.ActiveCfg = Debug|Any CPU
		{289DC11C-7AC9-4BA3-9A70-BFA45D9E5822}.Debug|x86.Build.0 = Debug|Any CPU
		{289DC11C-7AC9-4BA3-9A70-BFA45D9E5822}.Release|Any CPU.ActiveCfg = Release|Any CPU
		{289DC11C-7AC9-4BA3-9A70-BFA45D9E5822}.Release|Any CPU.Build.0 = Release|Any CPU
		{289DC11C-7AC9-4BA3-9A70-BFA45D9E5822}.Release|x64.ActiveCfg = Release|Any CPU
		{289DC11C-7AC9-4BA3-9A70-BFA45D9E5822}.Release|x64.Build.0 = Release|Any CPU
		{289DC11C-7AC9-4BA3-9A70-BFA45D9E5822}.Release|x86.ActiveCfg = Release|Any CPU
		{289DC11C-7AC9-4BA3-9A70-BFA45D9E5822}.Release|x86.Build.0 = Release|Any CPU
		{37D1C1E4-1D6B-4E47-87F3-11B5F1438B5E}.Debug|Any CPU.ActiveCfg = Debug|Any CPU
		{37D1C1E4-1D6B-4E47-87F3-11B5F1438B5E}.Debug|Any CPU.Build.0 = Debug|Any CPU
		{37D1C1E4-1D6B-4E47-87F3-11B5F1438B5E}.Debug|x64.ActiveCfg = Debug|Any CPU
		{37D1C1E4-1D6B-4E47-87F3-11B5F1438B5E}.Debug|x64.Build.0 = Debug|Any CPU
		{37D1C1E4-1D6B-4E47-87F3-11B5F1438B5E}.Debug|x86.ActiveCfg = Debug|Any CPU
		{37D1C1E4-1D6B-4E47-87F3-11B5F1438B5E}.Debug|x86.Build.0 = Debug|Any CPU
		{37D1C1E4-1D6B-4E47-87F3-11B5F1438B5E}.Release|Any CPU.ActiveCfg = Release|Any CPU
		{37D1C1E4-1D6B-4E47-87F3-11B5F1438B5E}.Release|Any CPU.Build.0 = Release|Any CPU
		{37D1C1E4-1D6B-4E47-87F3-11B5F1438B5E}.Release|x64.ActiveCfg = Release|Any CPU
		{37D1C1E4-1D6B-4E47-87F3-11B5F1438B5E}.Release|x64.Build.0 = Release|Any CPU
		{37D1C1E4-1D6B-4E47-87F3-11B5F1438B5E}.Release|x86.ActiveCfg = Release|Any CPU
		{37D1C1E4-1D6B-4E47-87F3-11B5F1438B5E}.Release|x86.Build.0 = Release|Any CPU
		{B7D72B5F-FA92-4C12-BA05-8F2CA8DFFA55}.Debug|Any CPU.ActiveCfg = Debug|Any CPU
		{B7D72B5F-FA92-4C12-BA05-8F2CA8DFFA55}.Debug|Any CPU.Build.0 = Debug|Any CPU
		{B7D72B5F-FA92-4C12-BA05-8F2CA8DFFA55}.Debug|x64.ActiveCfg = Debug|Any CPU
		{B7D72B5F-FA92-4C12-BA05-8F2CA8DFFA55}.Debug|x64.Build.0 = Debug|Any CPU
		{B7D72B5F-FA92-4C12-BA05-8F2CA8DFFA55}.Debug|x86.ActiveCfg = Debug|Any CPU
		{B7D72B5F-FA92-4C12-BA05-8F2CA8DFFA55}.Debug|x86.Build.0 = Debug|Any CPU
		{B7D72B5F-FA92-4C12-BA05-8F2CA8DFFA55}.Release|Any CPU.ActiveCfg = Release|Any CPU
		{B7D72B5F-FA92-4C12-BA05-8F2CA8DFFA55}.Release|Any CPU.Build.0 = Release|Any CPU
		{B7D72B5F-FA92-4C12-BA05-8F2CA8DFFA55}.Release|x64.ActiveCfg = Release|Any CPU
		{B7D72B5F-FA92-4C12-BA05-8F2CA8DFFA55}.Release|x64.Build.0 = Release|Any CPU
		{B7D72B5F-FA92-4C12-BA05-8F2CA8DFFA55}.Release|x86.ActiveCfg = Release|Any CPU
		{B7D72B5F-FA92-4C12-BA05-8F2CA8DFFA55}.Release|x86.Build.0 = Release|Any CPU
		{46E0ABA3-869D-4A4F-B816-F329F1A6AB20}.Debug|Any CPU.ActiveCfg = Debug|Any CPU
		{46E0ABA3-869D-4A4F-B816-F329F1A6AB20}.Debug|Any CPU.Build.0 = Debug|Any CPU
		{46E0ABA3-869D-4A4F-B816-F329F1A6AB20}.Debug|x64.ActiveCfg = Debug|Any CPU
		{46E0ABA3-869D-4A4F-B816-F329F1A6AB20}.Debug|x64.Build.0 = Debug|Any CPU
		{46E0ABA3-869D-4A4F-B816-F329F1A6AB20}.Debug|x86.ActiveCfg = Debug|Any CPU
		{46E0ABA3-869D-4A4F-B816-F329F1A6AB20}.Debug|x86.Build.0 = Debug|Any CPU
		{46E0ABA3-869D-4A4F-B816-F329F1A6AB20}.Release|Any CPU.ActiveCfg = Release|Any CPU
		{46E0ABA3-869D-4A4F-B816-F329F1A6AB20}.Release|Any CPU.Build.0 = Release|Any CPU
		{46E0ABA3-869D-4A4F-B816-F329F1A6AB20}.Release|x64.ActiveCfg = Release|Any CPU
		{46E0ABA3-869D-4A4F-B816-F329F1A6AB20}.Release|x64.Build.0 = Release|Any CPU
		{46E0ABA3-869D-4A4F-B816-F329F1A6AB20}.Release|x86.ActiveCfg = Release|Any CPU
		{46E0ABA3-869D-4A4F-B816-F329F1A6AB20}.Release|x86.Build.0 = Release|Any CPU
		{1A374755-A2FD-4FD3-BD94-A62513D6AFB3}.Debug|Any CPU.ActiveCfg = Debug|Any CPU
		{1A374755-A2FD-4FD3-BD94-A62513D6AFB3}.Debug|Any CPU.Build.0 = Debug|Any CPU
		{1A374755-A2FD-4FD3-BD94-A62513D6AFB3}.Debug|x64.ActiveCfg = Debug|Any CPU
		{1A374755-A2FD-4FD3-BD94-A62513D6AFB3}.Debug|x64.Build.0 = Debug|Any CPU
		{1A374755-A2FD-4FD3-BD94-A62513D6AFB3}.Debug|x86.ActiveCfg = Debug|Any CPU
		{1A374755-A2FD-4FD3-BD94-A62513D6AFB3}.Debug|x86.Build.0 = Debug|Any CPU
		{1A374755-A2FD-4FD3-BD94-A62513D6AFB3}.Release|Any CPU.ActiveCfg = Release|Any CPU
		{1A374755-A2FD-4FD3-BD94-A62513D6AFB3}.Release|Any CPU.Build.0 = Release|Any CPU
		{1A374755-A2FD-4FD3-BD94-A62513D6AFB3}.Release|x64.ActiveCfg = Release|Any CPU
		{1A374755-A2FD-4FD3-BD94-A62513D6AFB3}.Release|x64.Build.0 = Release|Any CPU
		{1A374755-A2FD-4FD3-BD94-A62513D6AFB3}.Release|x86.ActiveCfg = Release|Any CPU
		{1A374755-A2FD-4FD3-BD94-A62513D6AFB3}.Release|x86.Build.0 = Release|Any CPU
		{E6971B71-C635-49A7-B874-C7C3181FF678}.Debug|Any CPU.ActiveCfg = Debug|Any CPU
		{E6971B71-C635-49A7-B874-C7C3181FF678}.Debug|Any CPU.Build.0 = Debug|Any CPU
		{E6971B71-C635-49A7-B874-C7C3181FF678}.Debug|x64.ActiveCfg = Debug|Any CPU
		{E6971B71-C635-49A7-B874-C7C3181FF678}.Debug|x64.Build.0 = Debug|Any CPU
		{E6971B71-C635-49A7-B874-C7C3181FF678}.Debug|x86.ActiveCfg = Debug|Any CPU
		{E6971B71-C635-49A7-B874-C7C3181FF678}.Debug|x86.Build.0 = Debug|Any CPU
		{E6971B71-C635-49A7-B874-C7C3181FF678}.Release|Any CPU.ActiveCfg = Release|Any CPU
		{E6971B71-C635-49A7-B874-C7C3181FF678}.Release|Any CPU.Build.0 = Release|Any CPU
		{E6971B71-C635-49A7-B874-C7C3181FF678}.Release|x64.ActiveCfg = Release|Any CPU
		{E6971B71-C635-49A7-B874-C7C3181FF678}.Release|x64.Build.0 = Release|Any CPU
		{E6971B71-C635-49A7-B874-C7C3181FF678}.Release|x86.ActiveCfg = Release|Any CPU
		{E6971B71-C635-49A7-B874-C7C3181FF678}.Release|x86.Build.0 = Release|Any CPU
		{906A658F-43CC-47EC-86C7-82059C693FCE}.Debug|Any CPU.ActiveCfg = Debug|Any CPU
		{906A658F-43CC-47EC-86C7-82059C693FCE}.Debug|Any CPU.Build.0 = Debug|Any CPU
		{906A658F-43CC-47EC-86C7-82059C693FCE}.Debug|x64.ActiveCfg = Debug|Any CPU
		{906A658F-43CC-47EC-86C7-82059C693FCE}.Debug|x64.Build.0 = Debug|Any CPU
		{906A658F-43CC-47EC-86C7-82059C693FCE}.Debug|x86.ActiveCfg = Debug|Any CPU
		{906A658F-43CC-47EC-86C7-82059C693FCE}.Debug|x86.Build.0 = Debug|Any CPU
		{906A658F-43CC-47EC-86C7-82059C693FCE}.Release|Any CPU.ActiveCfg = Release|Any CPU
		{906A658F-43CC-47EC-86C7-82059C693FCE}.Release|Any CPU.Build.0 = Release|Any CPU
		{906A658F-43CC-47EC-86C7-82059C693FCE}.Release|x64.ActiveCfg = Release|Any CPU
		{906A658F-43CC-47EC-86C7-82059C693FCE}.Release|x64.Build.0 = Release|Any CPU
		{906A658F-43CC-47EC-86C7-82059C693FCE}.Release|x86.ActiveCfg = Release|Any CPU
		{906A658F-43CC-47EC-86C7-82059C693FCE}.Release|x86.Build.0 = Release|Any CPU
		{519BACB5-126C-4DB1-ABA2-37126B96BADF}.Debug|Any CPU.ActiveCfg = Debug|Any CPU
		{519BACB5-126C-4DB1-ABA2-37126B96BADF}.Debug|Any CPU.Build.0 = Debug|Any CPU
		{519BACB5-126C-4DB1-ABA2-37126B96BADF}.Debug|x64.ActiveCfg = Debug|Any CPU
		{519BACB5-126C-4DB1-ABA2-37126B96BADF}.Debug|x64.Build.0 = Debug|Any CPU
		{519BACB5-126C-4DB1-ABA2-37126B96BADF}.Debug|x86.ActiveCfg = Debug|Any CPU
		{519BACB5-126C-4DB1-ABA2-37126B96BADF}.Debug|x86.Build.0 = Debug|Any CPU
		{519BACB5-126C-4DB1-ABA2-37126B96BADF}.Release|Any CPU.ActiveCfg = Release|Any CPU
		{519BACB5-126C-4DB1-ABA2-37126B96BADF}.Release|Any CPU.Build.0 = Release|Any CPU
		{519BACB5-126C-4DB1-ABA2-37126B96BADF}.Release|x64.ActiveCfg = Release|Any CPU
		{519BACB5-126C-4DB1-ABA2-37126B96BADF}.Release|x64.Build.0 = Release|Any CPU
		{519BACB5-126C-4DB1-ABA2-37126B96BADF}.Release|x86.ActiveCfg = Release|Any CPU
		{519BACB5-126C-4DB1-ABA2-37126B96BADF}.Release|x86.Build.0 = Release|Any CPU
		{E3FD4952-70BF-43C0-BC7D-5553A69D3915}.Debug|Any CPU.ActiveCfg = Debug|Any CPU
		{E3FD4952-70BF-43C0-BC7D-5553A69D3915}.Debug|Any CPU.Build.0 = Debug|Any CPU
		{E3FD4952-70BF-43C0-BC7D-5553A69D3915}.Debug|x64.ActiveCfg = Debug|Any CPU
		{E3FD4952-70BF-43C0-BC7D-5553A69D3915}.Debug|x64.Build.0 = Debug|Any CPU
		{E3FD4952-70BF-43C0-BC7D-5553A69D3915}.Debug|x86.ActiveCfg = Debug|Any CPU
		{E3FD4952-70BF-43C0-BC7D-5553A69D3915}.Debug|x86.Build.0 = Debug|Any CPU
		{E3FD4952-70BF-43C0-BC7D-5553A69D3915}.Release|Any CPU.ActiveCfg = Release|Any CPU
		{E3FD4952-70BF-43C0-BC7D-5553A69D3915}.Release|Any CPU.Build.0 = Release|Any CPU
		{E3FD4952-70BF-43C0-BC7D-5553A69D3915}.Release|x64.ActiveCfg = Release|Any CPU
		{E3FD4952-70BF-43C0-BC7D-5553A69D3915}.Release|x64.Build.0 = Release|Any CPU
		{E3FD4952-70BF-43C0-BC7D-5553A69D3915}.Release|x86.ActiveCfg = Release|Any CPU
		{E3FD4952-70BF-43C0-BC7D-5553A69D3915}.Release|x86.Build.0 = Release|Any CPU
	EndGlobalSection
	GlobalSection(SolutionProperties) = preSolution
		HideSolutionNode = FALSE
	EndGlobalSection
	GlobalSection(NestedProjects) = preSolution
		{C611D7D5-DAEF-462C-9A19-D51EA29C8072} = {17245595-230B-9055-A944-863F0DDDA8E8}
		{132779FD-0D70-48BB-A192-714BEA140C21} = {17245595-230B-9055-A944-863F0DDDA8E8}
		{8B8FC016-4B5E-4DB7-A010-FED6B4C2BB01} = {17245595-230B-9055-A944-863F0DDDA8E8}
		{DA0859C4-90D1-4EBE-9953-8A7FB32146B0} = {17245595-230B-9055-A944-863F0DDDA8E8}
		{490D4CE3-1304-4A3B-9E16-7BCCE86B5973} = {17245595-230B-9055-A944-863F0DDDA8E8}
		{ABDC3BD1-97E0-469B-82E3-F1408900D10E} = {17245595-230B-9055-A944-863F0DDDA8E8}
		{5D75FB33-411C-43D0-9170-EDE0A4D4D04D} = {17245595-230B-9055-A944-863F0DDDA8E8}
		{693363C3-6686-4585-AEA9-E941BB7858AD} = {17245595-230B-9055-A944-863F0DDDA8E8}
		{236E22EF-3220-498B-A780-BE274EC4F441} = {17245595-230B-9055-A944-863F0DDDA8E8}
		{289DC11C-7AC9-4BA3-9A70-BFA45D9E5822} = {17245595-230B-9055-A944-863F0DDDA8E8}
		{37D1C1E4-1D6B-4E47-87F3-11B5F1438B5E} = {17245595-230B-9055-A944-863F0DDDA8E8}
		{B7D72B5F-FA92-4C12-BA05-8F2CA8DFFA55} = {17245595-230B-9055-A944-863F0DDDA8E8}
		{46E0ABA3-869D-4A4F-B816-F329F1A6AB20} = {17245595-230B-9055-A944-863F0DDDA8E8}
		{1A374755-A2FD-4FD3-BD94-A62513D6AFB3} = {17245595-230B-9055-A944-863F0DDDA8E8}
		{E6971B71-C635-49A7-B874-C7C3181FF678} = {17245595-230B-9055-A944-863F0DDDA8E8}
		{906A658F-43CC-47EC-86C7-82059C693FCE} = {17245595-230B-9055-A944-863F0DDDA8E8}
		{519BACB5-126C-4DB1-ABA2-37126B96BADF} = {17245595-230B-9055-A944-863F0DDDA8E8}
		{E3FD4952-70BF-43C0-BC7D-5553A69D3915} = {17245595-230B-9055-A944-863F0DDDA8E8}
	EndGlobalSection
	GlobalSection(ExtensibilityGlobals) = postSolution
		SolutionGuid = {1ED403D0-DB1A-42CB-80EC-32258BC54693}
	EndGlobalSection
EndGlobal